{
	"name": "apple-2000-wordpress",
	"version": "0.0.1",
	"lockfileVersion": 2,
	"requires": true,
	"packages": {
		"": {
			"name": "apple-2000-wordpress",
			"version": "0.0.1",
			"license": "GPL-3.0-or-later",
			"dependencies": {
				"@meteorcity/apple2000": "^0.0.6"
			}
		},
		"node_modules/@meteorcity/apple2000": {
			"version": "0.0.6",
			"resolved": "https://registry.npmjs.org/@meteorcity/apple2000/-/apple2000-0.0.6.tgz",
			"integrity": "sha512-aaSY8sux2B5W/OY1LZ/QU4lnnJqTE5pAQgFrmCFe3dD87Sql3pM61oTCc5o7fapLdiyZheODVa2AHS9vKnly7A=="
		}
	},
	"dependencies": {
		"@meteorcity/apple2000": {
			"version": "0.0.6",
			"resolved": "https://registry.npmjs.org/@meteorcity/apple2000/-/apple2000-0.0.6.tgz",
			"integrity": "sha512-aaSY8sux2B5W/OY1LZ/QU4lnnJqTE5pAQgFrmCFe3dD87Sql3pM61oTCc5o7fapLdiyZheODVa2AHS9vKnly7A=="
		}
	}
}
